
Microsoft Visual Studio Solution File, Format Version 12.00
# Visual Studio Version 16
VisualStudioVersion = 16.0.31025.194
MinimumVisualStudioVersion = 10.0.40219.1
Project("{8BC9CEB8-8B4A-11D0-8D11-00A0C91BC942}") = "AntSimulator", "AntSimulator\AntSimulator.vcxproj", "{B71C6BB6-6660-4A1B-B180-20B27E0186E1}"
EndProject
Global
	GlobalSection(SolutionConfigurationPlatforms) = preSolution
		Debug|x64 = Debug|x64
		Release|x64 = Release|x64
	EndGlobalSection
	GlobalSection(ProjectConfigurationPlatforms) = postSolution
		{B71C6BB6-6660-4A1B-B180-20B27E0186E1}.Debug|x64.ActiveCfg = Debug|x64
		{B71C6BB6-6660-4A1B-B180-20B27E0186E1}.Debug|x64.Build.0 = Debug|x64
		{B71C6BB6-6660-4A1B-B180-20B27E0186E1}.Release|x64.ActiveCfg = Release|x64
		{B71C6BB6-6660-4A1B-B180-20B27E0186E1}.Release|x64.Build.0 = Release|x64
	EndGlobalSection
	GlobalSection(SolutionProperties) = preSolution
		HideSolutionNode = FALSE
	EndGlobalSection
	GlobalSection(ExtensibilityGlobals) = postSolution
		SolutionGuid = {D002A9FE-9A48-4103-A641-02B3C33D4CD2}
	EndGlobalSection
EndGlobal
