<?xml version="1.0" encoding="utf-8"?>
<Project ToolsVersion="4.0" xmlns="http://schemas.microsoft.com/developer/msbuild/2003">
  <ItemGroup>
    <Filter Include="Source Files">
      <UniqueIdentifier>{4FC737F1-C7A5-4376-A066-2A32D752A2FF}</UniqueIdentifier>
      <Extensions>cpp;c;cc;cxx;c++;cppm;ixx;def;odl;idl;hpj;bat;asm;asmx</Extensions>
    </Filter>
    <Filter Include="Header Files">
      <UniqueIdentifier>{93995380-89BD-4b04-88EB-625FBE52EBFB}</UniqueIdentifier>
      <Extensions>h;hh;hpp;hxx;h++;hm;inl;inc;ipp;xsd</Extensions>
    </Filter>
    <Filter Include="Resource Files">
      <UniqueIdentifier>{67DA6AB6-F800-4c08-8B7A-83BB121AAD01}</UniqueIdentifier>
      <Extensions>rc;ico;cur;bmp;dlg;rc2;rct;bin;rgs;gif;jpg;jpeg;jpe;resx;tiff;tif;png;wav;mfcribbon-ms</Extensions>
    </Filter>
  </ItemGroup>
  <ItemGroup>
    <ClCompile Include="src\EntryPoint.cpp">
      <Filter>Source Files</Filter>
    </ClCompile>
    <ClCompile Include="src\FlatEngine\Core\Modules\GameLooper.cpp">
      <Filter>Source Files</Filter>
    </ClCompile>
    <ClCompile Include="src\FlatEngine\App.cpp">
      <Filter>Source Files</Filter>
    </ClCompile>
    <ClCompile Include="src\FlatEngine\Core\Modules\Update\UpdateModule.cpp">
      <Filter>Source Files</Filter>
    </ClCompile>
    <ClCompile Include="src\FlatEngine\Core\Modules\Input\InputElement.cpp">
      <Filter>Source Files</Filter>
    </ClCompile>
    <ClCompile Include="src\FlatEngine\Core\Modules\Display\DisplayModule.cpp">
      <Filter>Source Files</Filter>
    </ClCompile>
    <ClCompile Include="src\FlatEngine\Core\Modules\Display\DisplayElement.cpp">
      <Filter>Source Files</Filter>
    </ClCompile>
    <ClCompile Include="src\FlatEngine\Core\Modules\Time\TimeModule.cpp">
      <Filter>Source Files</Filter>
    </ClCompile>
    <ClCompile Include="src\FlatEngine\Core\Modules\Input\InputModule.cpp">
      <Filter>Source Files</Filter>
    </ClCompile>
    <ClCompile Include="src\FlatEngine\Core\Modules\Update\UpdateElement.cpp">
      <Filter>Source Files</Filter>
    </ClCompile>
    <ClCompile Include="src\FlatEngine\Core\Modules\Input\InputElements\Press\PressableKey.cpp">
      <Filter>Source Files</Filter>
    </ClCompile>
    <ClCompile Include="src\FlatEngine\Core\Modules\Input\InputElements\Press\PressableMouse.cpp">
      <Filter>Source Files</Filter>
    </ClCompile>
    <ClCompile Include="src\FlatEngine\Core\Modules\Input\InputElements\Press\Pressable.cpp">
      <Filter>Source Files</Filter>
    </ClCompile>
    <ClCompile Include="src\FlatEngine\Core\Modules\Input\InputElements\Delta\Delta.cpp">
      <Filter>Source Files</Filter>
    </ClCompile>
    <ClCompile Include="src\FlatEngine\Core\Modules\Input\InputElements\Vector\Vector.cpp">
      <Filter>Source Files</Filter>
    </ClCompile>
    <ClCompile Include="src\FlatEngine\Core\Modules\Input\InputElements\Vector\VectorMouse.cpp">
      <Filter>Source Files</Filter>
    </ClCompile>
    <ClCompile Include="src\FlatEngine\Core\Modules\Input\InputElements\Delta\DeltaMouseWheel.cpp">
      <Filter>Source Files</Filter>
    </ClCompile>
    <ClCompile Include="src\FlatEngine\Core\Modules\Display\DisplayElements\Shape.cpp">
      <Filter>Source Files</Filter>
    </ClCompile>
    <ClCompile Include="src\FlatEngine\Core\Modules\Display\Tools\Sprite.cpp">
      <Filter>Source Files</Filter>
    </ClCompile>
    <ClCompile Include="src\FlatEngine\Core\Modules\Display\DisplayElements\Animation.cpp">
      <Filter>Source Files</Filter>
    </ClCompile>
    <ClCompile Include="src\FlatEngine\Core\Modules\Display\DisplayElements\Image.cpp">
      <Filter>Source Files</Filter>
    </ClCompile>
    <ClCompile Include="src\FlatEngine\Core\Modules\Display\Tools\FrameSpeed.cpp">
      <Filter>Source Files</Filter>
    </ClCompile>
    <ClCompile Include="src\FlatEngine\Core\Simulation\Transformable.cpp">
      <Filter>Source Files</Filter>
    </ClCompile>
    <ClCompile Include="src\FlatEngine\Core\Modules\Display\Camera\Camera.cpp">
      <Filter>Source Files</Filter>
    </ClCompile>
    <ClCompile Include="src\FlatEngine\Core\Modules\Display\Camera\CameraManager.cpp">
      <Filter>Source Files</Filter>
    </ClCompile>
    <ClCompile Include="src\FlatEngine\Core\Modules\Display\Tools\ScreenSettings.cpp">
      <Filter>Source Files</Filter>
    </ClCompile>
    <ClCompile Include="src\FlatEngine\Actors\Controllers\Camera\CameraController.cpp">
      <Filter>Source Files</Filter>
    </ClCompile>
    <ClCompile Include="src\FlatEngine\Core\Modules\Input\InputElements\Delta\DeltaPressable.cpp">
      <Filter>Source Files</Filter>
    </ClCompile>
    <ClCompile Include="src\FlatEngine\Core\Modules\Input\InputElements\Vector\VectorPressable.cpp">
      <Filter>Source Files</Filter>
    </ClCompile>
    <ClCompile Include="src\FlatEngine\Core\Modules\Input\InputElements\Vector\VectorDelta.cpp">
      <Filter>Source Files</Filter>
    </ClCompile>
    <ClCompile Include="src\FlatEngine\Core\Modules\Input\InputHeader.h">
      <Filter>Source Files</Filter>
    </ClCompile>
    <ClCompile Include="src\FlatEngine\Core\Tools\Vector\VectorUtils.cpp">
      <Filter>Source Files</Filter>
    </ClCompile>
    <ClCompile Include="src\FlatEngine\Actors\Controllers\Transform\MoveController.cpp">
      <Filter>Source Files</Filter>
    </ClCompile>
    <ClCompile Include="src\FlatEngine\Actors\Controllers\Transform\RotateController.cpp">
      <Filter>Source Files</Filter>
    </ClCompile>
    <ClCompile Include="src\FlatEngine\Actors\Controllers\Transform\ScaleController.cpp">
      <Filter>Source Files</Filter>
    </ClCompile>
    <ClCompile Include="src\FlatEngine\Actors\Controllers\Camera\ZoomController.cpp">
      <Filter>Source Files</Filter>
    </ClCompile>
  </ItemGroup>
  <ItemGroup>
    <ClInclude Include="src\FlatEngine\Core\Modules\GameLooper.h">
      <Filter>Header Files</Filter>
    </ClInclude>
    <ClInclude Include="src\FlatEngine\App.h">
      <Filter>Header Files</Filter>
    </ClInclude>
    <ClInclude Include="src\FlatEngine\Core\Modules\Update\UpdateElement.h">
      <Filter>Header Files</Filter>
    </ClInclude>
    <ClInclude Include="src\FlatEngine\Core\Modules\Update\UpdateModule.h">
      <Filter>Header Files</Filter>
    </ClInclude>
    <ClInclude Include="src\FlatEngine\Core\Modules\Input\InputElement.h">
      <Filter>Header Files</Filter>
    </ClInclude>
    <ClInclude Include="src\FlatEngine\Core\Modules\Display\DisplayModule.h">
      <Filter>Header Files</Filter>
    </ClInclude>
    <ClInclude Include="src\FlatEngine\Core\Modules\Display\DisplayElement.h">
      <Filter>Header Files</Filter>
    </ClInclude>
    <ClInclude Include="src\FlatEngine\Core\Modules\Time\TimeModule.h">
      <Filter>Header Files</Filter>
    </ClInclude>
    <ClInclude Include="src\FlatEngine\Core\Modules\Input\InputModule.h">
      <Filter>Header Files</Filter>
    </ClInclude>
    <ClInclude Include="src\FlatEngine\Core\Modules\Input\InputElements\Press\PressableKey.h">
      <Filter>Header Files</Filter>
    </ClInclude>
    <ClInclude Include="src\FlatEngine\Core\Modules\Input\InputElements\Press\PressableMouse.h">
      <Filter>Header Files</Filter>
    </ClInclude>
    <ClInclude Include="src\FlatEngine\Core\Modules\Input\InputElements\Press\Pressable.h">
      <Filter>Header Files</Filter>
    </ClInclude>
    <ClInclude Include="src\FlatEngine\Core\Modules\Input\InputElements\Delta\Delta.h">
      <Filter>Header Files</Filter>
    </ClInclude>
    <ClInclude Include="src\FlatEngine\Core\Modules\Input\InputElements\Vector\Vector.h">
      <Filter>Header Files</Filter>
    </ClInclude>
    <ClInclude Include="src\FlatEngine\Core\Modules\Input\InputElements\Vector\VectorMouse.h">
      <Filter>Header Files</Filter>
    </ClInclude>
    <ClInclude Include="src\FlatEngine\Core\Modules\Input\InputElements\Delta\DeltaMouseWheel.h">
      <Filter>Header Files</Filter>
    </ClInclude>
    <ClInclude Include="src\FlatEngine\Core\Modules\Display\DisplayElements\Shape.h">
      <Filter>Header Files</Filter>
    </ClInclude>
    <ClInclude Include="src\FlatEngine\Core\Modules\Display\Tools\Sprite.h">
      <Filter>Header Files</Filter>
    </ClInclude>
    <ClInclude Include="src\FlatEngine\Core\Modules\Display\DisplayElements\Animation.h">
      <Filter>Header Files</Filter>
    </ClInclude>
    <ClInclude Include="src\FlatEngine\Core\Modules\Display\DisplayElements\Image.h">
      <Filter>Header Files</Filter>
    </ClInclude>
    <ClInclude Include="src\FlatEngine\Core\Modules\Display\Tools\FrameSpeed.h">
      <Filter>Header Files</Filter>
    </ClInclude>
    <ClInclude Include="src\FlatEngine\Core\Simulation\ITransformable.h">
      <Filter>Header Files</Filter>
    </ClInclude>
    <ClInclude Include="src\FlatEngine\Core\Simulation\Transformable.h">
      <Filter>Header Files</Filter>
    </ClInclude>
    <ClInclude Include="src\FlatEngine\Core\Tools\Events\Action.h">
      <Filter>Header Files</Filter>
    </ClInclude>
    <ClInclude Include="src\FlatEngine\Core\Modules\Display\DisplayHeader.h">
      <Filter>Header Files</Filter>
    </ClInclude>
    <ClInclude Include="src\FlatEngine\Core\Modules\Display\Camera\Camera.h">
      <Filter>Header Files</Filter>
    </ClInclude>
    <ClInclude Include="src\FlatEngine\Core\Simulation\IRotatable.h">
      <Filter>Header Files</Filter>
    </ClInclude>
    <ClInclude Include="src\FlatEngine\Core\Simulation\IScalable.h">
      <Filter>Header Files</Filter>
    </ClInclude>
    <ClInclude Include="src\FlatEngine\Core\Simulation\IMovable.h">
      <Filter>Header Files</Filter>
    </ClInclude>
    <ClInclude Include="src\FlatEngine\Core\Modules\Display\Camera\CameraManager.h">
      <Filter>Header Files</Filter>
    </ClInclude>
    <ClInclude Include="src\FlatEngine\Core\Modules\Display\Tools\ScreenSettings.h">
      <Filter>Header Files</Filter>
    </ClInclude>
    <ClInclude Include="src\FlatEngine\Actors\Controllers\Camera\CameraController.h">
      <Filter>Header Files</Filter>
    </ClInclude>
    <ClInclude Include="src\FlatEngine\Core\Modules\Input\InputElements\Delta\DeltaPressable.h">
      <Filter>Header Files</Filter>
    </ClInclude>
    <ClInclude Include="src\FlatEngine\Core\Modules\Input\InputElements\Vector\VectorPressable.h">
      <Filter>Header Files</Filter>
    </ClInclude>
    <ClInclude Include="src\FlatEngine\Core\Modules\Input\InputElements\Vector\VectorDelta.h">
      <Filter>Header Files</Filter>
    </ClInclude>
    <ClInclude Include="src\FlatEngine\Core\Tools\Events\GlobalFunction.h">
      <Filter>Header Files</Filter>
    </ClInclude>
    <ClInclude Include="src\FlatEngine\Core\Tools\Events\MemberFunction.h">
      <Filter>Header Files</Filter>
    </ClInclude>
    <ClInclude Include="src\FlatEngine\Core\Tools\Events\Function.h">
      <Filter>Header Files</Filter>
    </ClInclude>
    <ClInclude Include="src\FlatEngine\Core\Tools\Events\FunctionIdGetter.h">
      <Filter>Header Files</Filter>
    </ClInclude>
    <ClInclude Include="src\FlatEngine\Core\Modules\ModulesHeader.h">
      <Filter>Header Files</Filter>
    </ClInclude>
    <ClInclude Include="src\FlatEngine\Core\Modules\Time\TimeHeader.h">
      <Filter>Header Files</Filter>
    </ClInclude>
    <ClInclude Include="src\FlatEngine\Core\Modules\Update\UpdateHeader.h">
      <Filter>Header Files</Filter>
    </ClInclude>
    <ClInclude Include="src\FlatEngine\Core\Tools\ToolsHeader.h">
      <Filter>Header Files</Filter>
    </ClInclude>
    <ClInclude Include="src\FlatEngine\Core\Tools\Events\EventsHeader.h">
      <Filter>Header Files</Filter>
    </ClInclude>
    <ClInclude Include="src\FlatEngine\Core\Tools\Vector\VectorUtils.h">
      <Filter>Header Files</Filter>
    </ClInclude>
    <ClInclude Include="src\FlatEngine\Actors\Controllers\Transform\MoveController.h">
      <Filter>Header Files</Filter>
    </ClInclude>
    <ClInclude Include="src\FlatEngine\Actors\Controllers\Transform\RotateController.h">
      <Filter>Header Files</Filter>
    </ClInclude>
    <ClInclude Include="src\FlatEngine\Actors\Controllers\Transform\ScaleController.h">
      <Filter>Header Files</Filter>
    </ClInclude>
    <ClInclude Include="src\FlatEngine\Actors\Controllers\Camera\ZoomController.h">
      <Filter>Header Files</Filter>
    </ClInclude>
    <ClInclude Include="src\FlatEngine\Actors\Controllers\Camera\IZoomController.h">
      <Filter>Header Files</Filter>
    </ClInclude>
    <ClInclude Include="src\FlatEngine\Actors\Controllers\Camera\ICameraController.h">
      <Filter>Header Files</Filter>
    </ClInclude>
    <ClInclude Include="src\FlatEngine\Actors\Controllers\Transform\IMoveController.h">
      <Filter>Header Files</Filter>
    </ClInclude>
    <ClInclude Include="src\FlatEngine\Actors\Controllers\Transform\IRotateController.h">
      <Filter>Header Files</Filter>
    </ClInclude>
    <ClInclude Include="src\FlatEngine\Actors\Controllers\Transform\IScaleController.h">
      <Filter>Header Files</Filter>
    </ClInclude>
  </ItemGroup>
</Project>